
Microsoft Visual Studio Solution File, Format Version 12.00
# Visual Studio Version 17
VisualStudioVersion = 17.14.36804.6 d17.14
MinimumVisualStudioVersion = 10.0.40219.1
Project("{FAE04EC0-301F-11D3-BF4B-00C04F79EFBC}") = "HWCS4", "HWCS4\HWCS4.csproj", "{32C38A8D-337D-4644-B49D-B6016ACE1197}"
EndProject
Project("{2150E333-8FDC-42A3-9474-1A3956D46DE8}") = "Элементы решения", "Элементы решения", "{754FC069-D67B-A9D7-50A1-8D1CA196D8F1}"
	ProjectSection(SolutionItems) = preProject
		Diagram.cd = Diagram.cd
	EndProjectSection
EndProject
Global
	GlobalSection(SolutionConfigurationPlatforms) = preSolution
		Debug|Any CPU = Debug|Any CPU
		Release|Any CPU = Release|Any CPU
	EndGlobalSection
	GlobalSection(ProjectConfigurationPlatforms) = postSolution
		{32C38A8D-337D-4644-B49D-B6016ACE1197}.Debug|Any CPU.ActiveCfg = Debug|Any CPU
		{32C38A8D-337D-4644-B49D-B6016ACE1197}.Debug|Any CPU.Build.0 = Debug|Any CPU
		{32C38A8D-337D-4644-B49D-B6016ACE1197}.Release|Any CPU.ActiveCfg = Release|Any CPU
		{32C38A8D-337D-4644-B49D-B6016ACE1197}.Release|Any CPU.Build.0 = Release|Any CPU
	EndGlobalSection
	GlobalSection(SolutionProperties) = preSolution
		HideSolutionNode = FALSE
	EndGlobalSection
	GlobalSection(ExtensibilityGlobals) = postSolution
		SolutionGuid = {3A16B9E3-0949-426F-938D-8D048C44CBDB}
	EndGlobalSection
EndGlobal
